
Microsoft Visual Studio Solution File, Format Version 12.00
# Visual Studio Version 17
VisualStudioVersion = 17.0.32112.339
MinimumVisualStudioVersion = 10.0.40219.1
Project("{9A19103F-16F7-4668-BE54-9A1E7A4F7556}") = "LSRPO", "LSRPO\LSRPO.csproj", "{279F3B9A-9F28-471A-80AF-0BAA7465DF1C}"
EndProject
Project("{9A19103F-16F7-4668-BE54-9A1E7A4F7556}") = "LSRPO.Core", "LSRPO.Core\LSRPO.Core.csproj", "{36FC28DD-1B3D-4A45-8A9E-7D0F8E5EBE51}"
EndProject
Project("{9A19103F-16F7-4668-BE54-9A1E7A4F7556}") = "LSRPO.Infrastructure", "LSRPO.Infrastructure\LSRPO.Infrastructure.csproj", "{BB4048F4-5EF7-4BA5-A1E2-C3F31F1C27FA}"
EndProject
Project("{FAE04EC0-301F-11D3-BF4B-00C04F79EFBC}") = "LSRPO.Test", "LSRPO.Test\LSRPO.Test.csproj", "{92578E02-1341-43EC-BD53-8617C15561DE}"
EndProject
Global
	GlobalSection(SolutionConfigurationPlatforms) = preSolution
		Debug|Any CPU = Debug|Any CPU
		Release|Any CPU = Release|Any CPU
	EndGlobalSection
	GlobalSection(ProjectConfigurationPlatforms) = postSolution
		{279F3B9A-9F28-471A-80AF-0BAA7465DF1C}.Debug|Any CPU.ActiveCfg = Debug|Any CPU
		{279F3B9A-9F28-471A-80AF-0BAA7465DF1C}.Debug|Any CPU.Build.0 = Debug|Any CPU
		{279F3B9A-9F28-471A-80AF-0BAA7465DF1C}.Release|Any CPU.ActiveCfg = Release|Any CPU
		{279F3B9A-9F28-471A-80AF-0BAA7465DF1C}.Release|Any CPU.Build.0 = Release|Any CPU
		{36FC28DD-1B3D-4A45-8A9E-7D0F8E5EBE51}.Debug|Any CPU.ActiveCfg = Debug|Any CPU
		{36FC28DD-1B3D-4A45-8A9E-7D0F8E5EBE51}.Debug|Any CPU.Build.0 = Debug|Any CPU
		{36FC28DD-1B3D-4A45-8A9E-7D0F8E5EBE51}.Release|Any CPU.ActiveCfg = Release|Any CPU
		{36FC28DD-1B3D-4A45-8A9E-7D0F8E5EBE51}.Release|Any CPU.Build.0 = Release|Any CPU
		{BB4048F4-5EF7-4BA5-A1E2-C3F31F1C27FA}.Debug|Any CPU.ActiveCfg = Debug|Any CPU
		{BB4048F4-5EF7-4BA5-A1E2-C3F31F1C27FA}.Debug|Any CPU.Build.0 = Debug|Any CPU
		{BB4048F4-5EF7-4BA5-A1E2-C3F31F1C27FA}.Release|Any CPU.ActiveCfg = Release|Any CPU
		{BB4048F4-5EF7-4BA5-A1E2-C3F31F1C27FA}.Release|Any CPU.Build.0 = Release|Any CPU
		{92578E02-1341-43EC-BD53-8617C15561DE}.Debug|Any CPU.ActiveCfg = Debug|Any CPU
		{92578E02-1341-43EC-BD53-8617C15561DE}.Debug|Any CPU.Build.0 = Debug|Any CPU
		{92578E02-1341-43EC-BD53-8617C15561DE}.Release|Any CPU.ActiveCfg = Release|Any CPU
		{92578E02-1341-43EC-BD53-8617C15561DE}.Release|Any CPU.Build.0 = Release|Any CPU
	EndGlobalSection
	GlobalSection(SolutionProperties) = preSolution
		HideSolutionNode = FALSE
	EndGlobalSection
	GlobalSection(ExtensibilityGlobals) = postSolution
		SolutionGuid = {B1191FBC-EC08-4C4F-988B-BC4E141038BB}
	EndGlobalSection
EndGlobal
